
Microsoft Visual Studio Solution File, Format Version 12.00
# Visual Studio Version 17
VisualStudioVersion = 17.0.31903.59
MinimumVisualStudioVersion = 10.0.40219.1
Project("{2150E333-8FDC-42A3-9474-1A3956D46DE8}") = "src", "src", "{827E0CD3-B72D-47B6-A68D-7590B98EB39B}"
EndProject
Project("{FAE04EC0-301F-11D3-BF4B-00C04F79EFBC}") = "HbysApi.Application", "src\HbysApi.Application\HbysApi.Application.csproj", "{95FF2DE3-3867-4E1C-B334-EDFA9CEA2147}"
EndProject
Project("{FAE04EC0-301F-11D3-BF4B-00C04F79EFBC}") = "HbysApi.Domain", "src\HbysApi.Domain\HbysApi.Domain.csproj", "{95FD78AC-8AD4-47BA-9C0F-60759B11FB98}"
EndProject
Project("{FAE04EC0-301F-11D3-BF4B-00C04F79EFBC}") = "HbysApi.Infrastructure", "src\HbysApi.Infrastructure\HbysApi.Infrastructure.csproj", "{B2A53AAA-8FFE-485B-9A6D-042E557C4F43}"
EndProject
Project("{FAE04EC0-301F-11D3-BF4B-00C04F79EFBC}") = "HbysApi.WebApi", "src\HbysApi.WebApi\HbysApi.WebApi.csproj", "{4C61CF15-6F6E-49D0-B8E7-01A24EB77773}"
EndProject
Global
	GlobalSection(SolutionConfigurationPlatforms) = preSolution
		Debug|Any CPU = Debug|Any CPU
		Debug|x64 = Debug|x64
		Debug|x86 = Debug|x86
		Release|Any CPU = Release|Any CPU
		Release|x64 = Release|x64
		Release|x86 = Release|x86
	EndGlobalSection
	GlobalSection(ProjectConfigurationPlatforms) = postSolution
		{95FF2DE3-3867-4E1C-B334-EDFA9CEA2147}.Debug|Any CPU.ActiveCfg = Debug|Any CPU
		{95FF2DE3-3867-4E1C-B334-EDFA9CEA2147}.Debug|Any CPU.Build.0 = Debug|Any CPU
		{95FF2DE3-3867-4E1C-B334-EDFA9CEA2147}.Debug|x64.ActiveCfg = Debug|Any CPU
		{95FF2DE3-3867-4E1C-B334-EDFA9CEA2147}.Debug|x64.Build.0 = Debug|Any CPU
		{95FF2DE3-3867-4E1C-B334-EDFA9CEA2147}.Debug|x86.ActiveCfg = Debug|Any CPU
		{95FF2DE3-3867-4E1C-B334-EDFA9CEA2147}.Debug|x86.Build.0 = Debug|Any CPU
		{95FF2DE3-3867-4E1C-B334-EDFA9CEA2147}.Release|Any CPU.ActiveCfg = Release|Any CPU
		{95FF2DE3-3867-4E1C-B334-EDFA9CEA2147}.Release|Any CPU.Build.0 = Release|Any CPU
		{95FF2DE3-3867-4E1C-B334-EDFA9CEA2147}.Release|x64.ActiveCfg = Release|Any CPU
		{95FF2DE3-3867-4E1C-B334-EDFA9CEA2147}.Release|x64.Build.0 = Release|Any CPU
		{95FF2DE3-3867-4E1C-B334-EDFA9CEA2147}.Release|x86.ActiveCfg = Release|Any CPU
		{95FF2DE3-3867-4E1C-B334-EDFA9CEA2147}.Release|x86.Build.0 = Release|Any CPU
		{95FD78AC-8AD4-47BA-9C0F-60759B11FB98}.Debug|Any CPU.ActiveCfg = Debug|Any CPU
		{95FD78AC-8AD4-47BA-9C0F-60759B11FB98}.Debug|Any CPU.Build.0 = Debug|Any CPU
		{95FD78AC-8AD4-47BA-9C0F-60759B11FB98}.Debug|x64.ActiveCfg = Debug|Any CPU
		{95FD78AC-8AD4-47BA-9C0F-60759B11FB98}.Debug|x64.Build.0 = Debug|Any CPU
		{95FD78AC-8AD4-47BA-9C0F-60759B11FB98}.Debug|x86.ActiveCfg = Debug|Any CPU
		{95FD78AC-8AD4-47BA-9C0F-60759B11FB98}.Debug|x86.Build.0 = Debug|Any CPU
		{95FD78AC-8AD4-47BA-9C0F-60759B11FB98}.Release|Any CPU.ActiveCfg = Release|Any CPU
		{95FD78AC-8AD4-47BA-9C0F-60759B11FB98}.Release|Any CPU.Build.0 = Release|Any CPU
		{95FD78AC-8AD4-47BA-9C0F-60759B11FB98}.Release|x64.ActiveCfg = Release|Any CPU
		{95FD78AC-8AD4-47BA-9C0F-60759B11FB98}.Release|x64.Build.0 = Release|Any CPU
		{95FD78AC-8AD4-47BA-9C0F-60759B11FB98}.Release|x86.ActiveCfg = Release|Any CPU
		{95FD78AC-8AD4-47BA-9C0F-60759B11FB98}.Release|x86.Build.0 = Release|Any CPU
		{B2A53AAA-8FFE-485B-9A6D-042E557C4F43}.Debug|Any CPU.ActiveCfg = Debug|Any CPU
		{B2A53AAA-8FFE-485B-9A6D-042E557C4F43}.Debug|Any CPU.Build.0 = Debug|Any CPU
		{B2A53AAA-8FFE-485B-9A6D-042E557C4F43}.Debug|x64.ActiveCfg = Debug|Any CPU
		{B2A53AAA-8FFE-485B-9A6D-042E557C4F43}.Debug|x64.Build.0 = Debug|Any CPU
		{B2A53AAA-8FFE-485B-9A6D-042E557C4F43}.Debug|x86.ActiveCfg = Debug|Any CPU
		{B2A53AAA-8FFE-485B-9A6D-042E557C4F43}.Debug|x86.Build.0 = Debug|Any CPU
		{B2A53AAA-8FFE-485B-9A6D-042E557C4F43}.Release|Any CPU.ActiveCfg = Release|Any CPU
		{B2A53AAA-8FFE-485B-9A6D-042E557C4F43}.Release|Any CPU.Build.0 = Release|Any CPU
		{B2A53AAA-8FFE-485B-9A6D-042E557C4F43}.Release|x64.ActiveCfg = Release|Any CPU
		{B2A53AAA-8FFE-485B-9A6D-042E557C4F43}.Release|x64.Build.0 = Release|Any CPU
		{B2A53AAA-8FFE-485B-9A6D-042E557C4F43}.Release|x86.ActiveCfg = Release|Any CPU
		{B2A53AAA-8FFE-485B-9A6D-042E557C4F43}.Release|x86.Build.0 = Release|Any CPU
		{4C61CF15-6F6E-49D0-B8E7-01A24EB77773}.Debug|Any CPU.ActiveCfg = Debug|Any CPU
		{4C61CF15-6F6E-49D0-B8E7-01A24EB77773}.Debug|Any CPU.Build.0 = Debug|Any CPU
		{4C61CF15-6F6E-49D0-B8E7-01A24EB77773}.Debug|x64.ActiveCfg = Debug|Any CPU
		{4C61CF15-6F6E-49D0-B8E7-01A24EB77773}.Debug|x64.Build.0 = Debug|Any CPU
		{4C61CF15-6F6E-49D0-B8E7-01A24EB77773}.Debug|x86.ActiveCfg = Debug|Any CPU
		{4C61CF15-6F6E-49D0-B8E7-01A24EB77773}.Debug|x86.Build.0 = Debug|Any CPU
		{4C61CF15-6F6E-49D0-B8E7-01A24EB77773}.Release|Any CPU.ActiveCfg = Release|Any CPU
		{4C61CF15-6F6E-49D0-B8E7-01A24EB77773}.Release|Any CPU.Build.0 = Release|Any CPU
		{4C61CF15-6F6E-49D0-B8E7-01A24EB77773}.Release|x64.ActiveCfg = Release|Any CPU
		{4C61CF15-6F6E-49D0-B8E7-01A24EB77773}.Release|x64.Build.0 = Release|Any CPU
		{4C61CF15-6F6E-49D0-B8E7-01A24EB77773}.Release|x86.ActiveCfg = Release|Any CPU
		{4C61CF15-6F6E-49D0-B8E7-01A24EB77773}.Release|x86.Build.0 = Release|Any CPU
	EndGlobalSection
	GlobalSection(SolutionProperties) = preSolution
		HideSolutionNode = FALSE
	EndGlobalSection
	GlobalSection(NestedProjects) = preSolution
		{95FF2DE3-3867-4E1C-B334-EDFA9CEA2147} = {827E0CD3-B72D-47B6-A68D-7590B98EB39B}
		{95FD78AC-8AD4-47BA-9C0F-60759B11FB98} = {827E0CD3-B72D-47B6-A68D-7590B98EB39B}
		{B2A53AAA-8FFE-485B-9A6D-042E557C4F43} = {827E0CD3-B72D-47B6-A68D-7590B98EB39B}
		{4C61CF15-6F6E-49D0-B8E7-01A24EB77773} = {827E0CD3-B72D-47B6-A68D-7590B98EB39B}
	EndGlobalSection
EndGlobal
